
Microsoft Visual Studio Solution File, Format Version 12.00
# Visual Studio Version 16
VisualStudioVersion = 16.0.29001.49
MinimumVisualStudioVersion = 10.0.40219.1
Project("{9A19103F-16F7-4668-BE54-9A1E7A4F7556}") = "Simple.Abp.Blog.Domain", "src\Simple.Abp.Blog.Domain\Simple.Abp.Blog.Domain.csproj", "{554AD327-6DBA-4F8F-96F8-81CE7A0C863F}"
EndProject
Project("{9A19103F-16F7-4668-BE54-9A1E7A4F7556}") = "Simple.Abp.Blog.Application", "src\Simple.Abp.Blog.Application\Simple.Abp.Blog.Application.csproj", "{1A94A50E-06DC-43C1-80B5-B662820EC3EB}"
EndProject
Project("{9A19103F-16F7-4668-BE54-9A1E7A4F7556}") = "Simple.Abp.Blog.EntityFrameworkCore", "src\Simple.Abp.Blog.EntityFrameworkCore\Simple.Abp.Blog.EntityFrameworkCore.csproj", "{C956DD76-69C8-4A9C-83EA-D17DF83340FD}"
EndProject
Project("{2150E333-8FDC-42A3-9474-1A3956D46DE8}") = "src", "src", "{CA9AC87F-097E-4F15-8393-4BC07735A5B0}"
EndProject
Project("{2150E333-8FDC-42A3-9474-1A3956D46DE8}") = "test", "test", "{04DBDB01-70F4-4E06-B468-8F87850B22BE}"
EndProject
Project("{9A19103F-16F7-4668-BE54-9A1E7A4F7556}") = "Simple.Abp.Blog.Application.Tests", "test\Simple.Abp.Blog.Application.Tests\Simple.Abp.Blog.Application.Tests.csproj", "{50B2631D-129C-47B3-A587-029CCD6099BC}"
EndProject
Project("{9A19103F-16F7-4668-BE54-9A1E7A4F7556}") = "Simple.Abp.Blog.EntityFrameworkCore.DbMigrations", "src\Simple.Abp.Blog.EntityFrameworkCore.DbMigrations\Simple.Abp.Blog.EntityFrameworkCore.DbMigrations.csproj", "{0372FA84-C517-4EB3-9A9F-B9ACAC0CA5E0}"
EndProject
Project("{9A19103F-16F7-4668-BE54-9A1E7A4F7556}") = "Simple.Abp.Blog.Domain.Shared", "src\Simple.Abp.Blog.Domain.Shared\Simple.Abp.Blog.Domain.Shared.csproj", "{42F719ED-8413-4895-B5B4-5AB56079BC66}"
EndProject
Project("{9A19103F-16F7-4668-BE54-9A1E7A4F7556}") = "Simple.Abp.Blog.Application.Contracts", "src\Simple.Abp.Blog.Application.Contracts\Simple.Abp.Blog.Application.Contracts.csproj", "{520659C8-C734-4298-A3DA-B539DB9DFC0B}"
EndProject
Project("{9A19103F-16F7-4668-BE54-9A1E7A4F7556}") = "Simple.Abp.Blog.HttpApi", "src\Simple.Abp.Blog.HttpApi\Simple.Abp.Blog.HttpApi.csproj", "{4164BDF7-F527-4E85-9CE6-E3C2D7426A27}"
EndProject
Project("{9A19103F-16F7-4668-BE54-9A1E7A4F7556}") = "Simple.Abp.Blog.HttpApi.Client", "src\Simple.Abp.Blog.HttpApi.Client\Simple.Abp.Blog.HttpApi.Client.csproj", "{3B5A0094-670D-4BB1-BFDD-61B88A8773DC}"
EndProject
Project("{9A19103F-16F7-4668-BE54-9A1E7A4F7556}") = "Simple.Abp.Blog.Web", "src\Simple.Abp.Blog.Web\Simple.Abp.Blog.Web.csproj", "{6FE54035-9C11-4702-A5E2-D16F23101468}"
EndProject
Project("{9A19103F-16F7-4668-BE54-9A1E7A4F7556}") = "Simple.Abp.Blog.IdentityServer", "src\Simple.Abp.Blog.IdentityServer\Simple.Abp.Blog.IdentityServer.csproj", "{073C361E-B8F4-49F5-93CC-72A3FF49C026}"
EndProject
Project("{9A19103F-16F7-4668-BE54-9A1E7A4F7556}") = "Simple.Abp.Blog.HttpApi.Host", "src\Simple.Abp.Blog.HttpApi.Host\Simple.Abp.Blog.HttpApi.Host.csproj", "{E6D5BF0E-DE92-4D82-A352-EF04B37CB11C}"
EndProject
Project("{9A19103F-16F7-4668-BE54-9A1E7A4F7556}") = "Simple.Abp.Blog.EntityFrameworkCore.Tests", "test\Simple.Abp.Blog.EntityFrameworkCore.Tests\Simple.Abp.Blog.EntityFrameworkCore.Tests.csproj", "{1FE30EB9-74A9-47F5-A9F6-7B1FAB672D81}"
EndProject
Project("{9A19103F-16F7-4668-BE54-9A1E7A4F7556}") = "Simple.Abp.Blog.TestBase", "test\Simple.Abp.Blog.TestBase\Simple.Abp.Blog.TestBase.csproj", "{91853F21-9CD9-4132-BC29-A7D5D84FFFE7}"
EndProject
Project("{9A19103F-16F7-4668-BE54-9A1E7A4F7556}") = "Simple.Abp.Blog.Domain.Tests", "test\Simple.Abp.Blog.Domain.Tests\Simple.Abp.Blog.Domain.Tests.csproj", "{E512F4D9-9375-480F-A2F6-A46509F9D824}"
EndProject
Project("{9A19103F-16F7-4668-BE54-9A1E7A4F7556}") = "Simple.Abp.Blog.HttpApi.Client.ConsoleTestApp", "test\Simple.Abp.Blog.HttpApi.Client.ConsoleTestApp\Simple.Abp.Blog.HttpApi.Client.ConsoleTestApp.csproj", "{EF480016-9127-4916-8735-D2466BDBC582}"
EndProject
Project("{9A19103F-16F7-4668-BE54-9A1E7A4F7556}") = "Simple.Abp.Blog.DbMigrator", "src\Simple.Abp.Blog.DbMigrator\Simple.Abp.Blog.DbMigrator.csproj", "{AA94D832-1CCC-4715-95A9-A483F23A1A5D}"
EndProject
Project("{2150E333-8FDC-42A3-9474-1A3956D46DE8}") = "module", "module", "{0B611F2F-3198-4BC1-905F-F69E442F1086}"
EndProject
Project("{2150E333-8FDC-42A3-9474-1A3956D46DE8}") = "articles", "articles", "{BBFCCE81-E79B-486E-9CEA-46D6BCBB8BB5}"
EndProject
Project("{9A19103F-16F7-4668-BE54-9A1E7A4F7556}") = "Simple.Abp.Articles.Domain.Shared", "..\modules\articles\src\Simple.Abp.Articles.Domain.Shared\Simple.Abp.Articles.Domain.Shared.csproj", "{4B35ABE2-7214-4071-8920-5E11315BA00D}"
EndProject
Project("{9A19103F-16F7-4668-BE54-9A1E7A4F7556}") = "Simple.Abp.Articles.Domain", "..\modules\articles\src\Simple.Abp.Articles.Domain\Simple.Abp.Articles.Domain.csproj", "{87AF5A70-5AD5-447A-AB02-D63F28092F33}"
EndProject
Project("{9A19103F-16F7-4668-BE54-9A1E7A4F7556}") = "Simple.Abp.Articles.Application.Contracts", "..\modules\articles\src\Simple.Abp.Articles.Application.Contracts\Simple.Abp.Articles.Application.Contracts.csproj", "{C7AF0B0D-909D-4508-A56F-4AF5823878D5}"
EndProject
Project("{9A19103F-16F7-4668-BE54-9A1E7A4F7556}") = "Simple.Abp.Articles.Application", "..\modules\articles\src\Simple.Abp.Articles.Application\Simple.Abp.Articles.Application.csproj", "{FD8A131E-C00F-4C86-9FE3-0255CF00CDF2}"
EndProject
Project("{9A19103F-16F7-4668-BE54-9A1E7A4F7556}") = "Simple.Abp.Articles.HttpApi", "..\modules\articles\src\Simple.Abp.Articles.HttpApi\Simple.Abp.Articles.HttpApi.csproj", "{C6EF08EA-33F6-4FA4-82BC-C770A72F5DC3}"
EndProject
Project("{9A19103F-16F7-4668-BE54-9A1E7A4F7556}") = "Simple.Abp.Articles.HttpApi.Client", "..\modules\articles\src\Simple.Abp.Articles.HttpApi.Client\Simple.Abp.Articles.HttpApi.Client.csproj", "{8D89B748-8AA5-40CC-AD31-C2EECC442FA4}"
EndProject
Project("{9A19103F-16F7-4668-BE54-9A1E7A4F7556}") = "Simple.Abp.Articles.Web", "..\modules\articles\src\Simple.Abp.Articles.Web\Simple.Abp.Articles.Web.csproj", "{CD84441F-C758-44FC-B222-37FC6D98DA11}"
EndProject
Project("{2150E333-8FDC-42A3-9474-1A3956D46DE8}") = "src", "src", "{5A988AF2-BED6-4666-9BAB-781F35987C56}"
EndProject
Project("{2150E333-8FDC-42A3-9474-1A3956D46DE8}") = "test", "test", "{173FD776-AAC4-42B0-9E31-46C99DC266A4}"
EndProject
Project("{9A19103F-16F7-4668-BE54-9A1E7A4F7556}") = "Simple.Abp.Articles.EntityFrameworkCore", "..\modules\articles\src\Simple.Abp.Articles.EntityFrameworkCore\Simple.Abp.Articles.EntityFrameworkCore.csproj", "{575C8E47-785A-4362-801D-767ED64AB167}"
EndProject
Project("{9A19103F-16F7-4668-BE54-9A1E7A4F7556}") = "Simple.Abp.Articles.Web.Front", "..\modules\articles\src\Simple.Abp.Articles.Web.Front\Simple.Abp.Articles.Web.Front.csproj", "{B0C39C17-9E78-407D-9A38-8FEF2E602D1A}"
EndProject
Project("{2150E333-8FDC-42A3-9474-1A3956D46DE8}") = "theme", "theme", "{E2131516-B48C-4067-93F5-57FCCF621048}"
EndProject
Project("{2150E333-8FDC-42A3-9474-1A3956D46DE8}") = "metronic", "metronic", "{A47B5485-1E83-49A3-8F29-024CBFCE8C2E}"
EndProject
Project("{9A19103F-16F7-4668-BE54-9A1E7A4F7556}") = "Abp.AspNetCore.Mvc.UI.Theme.Metronic", "..\modules\theme\metronic\Abp.AspNetCore.Mvc.UI.Theme.Metronic\Abp.AspNetCore.Mvc.UI.Theme.Metronic.csproj", "{228D872F-2999-495A-82E0-F0518BC6CAFA}"
EndProject
Project("{2150E333-8FDC-42A3-9474-1A3956D46DE8}") = "acount", "acount", "{E7F2CDEC-FB9D-4CE0-90A8-9BC710A34492}"
EndProject
Project("{9A19103F-16F7-4668-BE54-9A1E7A4F7556}") = "Simple.Abp.Account.Web.IdentityServer", "..\modules\account\src\Simple.Abp.Account.Web.IdentityServer\Simple.Abp.Account.Web.IdentityServer.csproj", "{99DF0211-7560-4615-AC45-25FF4C9E6CE5}"
EndProject
Project("{9A19103F-16F7-4668-BE54-9A1E7A4F7556}") = "Simple.Abp.Account.Web", "..\modules\account\src\Simple.Abp.Account.Web\Simple.Abp.Account.Web.csproj", "{B4B7EC0B-AB00-4424-AA70-491569F3C625}"
EndProject
Project("{2150E333-8FDC-42A3-9474-1A3956D46DE8}") = "framework", "framework", "{0447E2AC-D81F-443A-AF72-538F42CC064C}"
EndProject
Project("{9A19103F-16F7-4668-BE54-9A1E7A4F7556}") = "Simple.Abp.TencentCos", "..\framework\src\Simple.Abp.TencentCos\Simple.Abp.TencentCos.csproj", "{545B6E6A-2278-4C02-856E-79EF7F14AD1C}"
EndProject
Project("{2150E333-8FDC-42A3-9474-1A3956D46DE8}") = "src", "src", "{AF4D2AA3-D19E-4021-A645-674145FDAD8C}"
EndProject
Project("{2150E333-8FDC-42A3-9474-1A3956D46DE8}") = "src", "src", "{3232B3B8-534A-4377-9BC4-0A23B6B809C3}"
EndProject
Project("{9A19103F-16F7-4668-BE54-9A1E7A4F7556}") = "Simple.Abp.Blog.Web.Front", "src\Simple.Abp.Blog.Web.Front\Simple.Abp.Blog.Web.Front.csproj", "{DE3BD175-B56E-4B6D-A2C3-DB341C42E428}"
EndProject
Project("{2150E333-8FDC-42A3-9474-1A3956D46DE8}") = "cactus", "cactus", "{BBD5683D-5E4C-4F13-B62B-5A4E99DA951A}"
EndProject
Project("{9A19103F-16F7-4668-BE54-9A1E7A4F7556}") = "Abp.AspNetCore.Mvc.UI.Theme.Cactus", "..\modules\theme\cactus\src\Abp.AspNetCore.Mvc.UI.Theme.Cactus\Abp.AspNetCore.Mvc.UI.Theme.Cactus.csproj", "{E162DF0A-2291-442E-A99E-67B01C79E460}"
EndProject
Project("{2150E333-8FDC-42A3-9474-1A3956D46DE8}") = "src", "src", "{E6AC4A24-DDB4-41F4-92CA-68D6EE7462D1}"
EndProject
Project("{2150E333-8FDC-42A3-9474-1A3956D46DE8}") = "dict", "dict", "{58885C42-4355-4A80-8981-B0B489970B8F}"
EndProject
Project("{9A19103F-16F7-4668-BE54-9A1E7A4F7556}") = "Simple.Abp.Dict.Domain.Shared", "..\modules\dict\src\Simple.Abp.Dict.Domain.Shared\Simple.Abp.Dict.Domain.Shared.csproj", "{D64C1577-4929-4B60-939E-96DE1534891A}"
EndProject
Project("{9A19103F-16F7-4668-BE54-9A1E7A4F7556}") = "Simple.Abp.Dict.Domain", "..\modules\dict\src\Simple.Abp.Dict.Domain\Simple.Abp.Dict.Domain.csproj", "{F2840BC7-0188-4606-9126-DADD0F5ABF7A}"
EndProject
Project("{9A19103F-16F7-4668-BE54-9A1E7A4F7556}") = "Simple.Abp.Dict.Application.Contracts", "..\modules\dict\src\Simple.Abp.Dict.Application.Contracts\Simple.Abp.Dict.Application.Contracts.csproj", "{BD65D04F-08D5-40C1-8C24-77CA0BACB877}"
EndProject
Project("{9A19103F-16F7-4668-BE54-9A1E7A4F7556}") = "Simple.Abp.Dict.Application", "..\modules\dict\src\Simple.Abp.Dict.Application\Simple.Abp.Dict.Application.csproj", "{78040F9E-3501-4A40-82DF-00A597710F35}"
EndProject
Project("{2150E333-8FDC-42A3-9474-1A3956D46DE8}") = "src", "src", "{649A3FFA-182F-4E56-9717-E6A9A2BEC545}"
EndProject
Project("{2150E333-8FDC-42A3-9474-1A3956D46DE8}") = "test", "test", "{CCD2960C-23CC-4AB4-B84D-60C7AAA52F4D}"
EndProject
Project("{2150E333-8FDC-42A3-9474-1A3956D46DE8}") = "host", "host", "{E400416D-2895-4512-9D17-90681EEC7E0A}"
EndProject
Project("{9A19103F-16F7-4668-BE54-9A1E7A4F7556}") = "Simple.Abp.Dict.EntityFrameworkCore", "..\modules\dict\src\Simple.Abp.Dict.EntityFrameworkCore\Simple.Abp.Dict.EntityFrameworkCore.csproj", "{0CE86223-D31D-4315-A1F5-87BA3EE1B844}"
EndProject
Project("{9A19103F-16F7-4668-BE54-9A1E7A4F7556}") = "Simple.Abp.Dict.MongoDB", "..\modules\dict\src\Simple.Abp.Dict.MongoDB\Simple.Abp.Dict.MongoDB.csproj", "{F1C58097-4C08-4D88-8976-6B3389391481}"
EndProject
Project("{9A19103F-16F7-4668-BE54-9A1E7A4F7556}") = "Simple.Abp.Dict.HttpApi", "..\modules\dict\src\Simple.Abp.Dict.HttpApi\Simple.Abp.Dict.HttpApi.csproj", "{077AA5F8-8B61-420C-A6B5-0150A66FDB34}"
EndProject
Project("{9A19103F-16F7-4668-BE54-9A1E7A4F7556}") = "Simple.Abp.Dict.HttpApi.Client", "..\modules\dict\src\Simple.Abp.Dict.HttpApi.Client\Simple.Abp.Dict.HttpApi.Client.csproj", "{36E2735F-CEAB-44C8-A6D1-2CDAFF399751}"
EndProject
Project("{9A19103F-16F7-4668-BE54-9A1E7A4F7556}") = "Simple.Abp.Dict.TestBase", "..\modules\dict\test\Simple.Abp.Dict.TestBase\Simple.Abp.Dict.TestBase.csproj", "{C5BB573D-3030-4BCB-88B7-F6A85C32766C}"
EndProject
Project("{9A19103F-16F7-4668-BE54-9A1E7A4F7556}") = "Simple.Abp.Dict.EntityFrameworkCore.Tests", "..\modules\dict\test\Simple.Abp.Dict.EntityFrameworkCore.Tests\Simple.Abp.Dict.EntityFrameworkCore.Tests.csproj", "{527F645C-C1FC-406E-8479-81386C8ECF13}"
EndProject
Project("{9A19103F-16F7-4668-BE54-9A1E7A4F7556}") = "Simple.Abp.Dict.MongoDB.Tests", "..\modules\dict\test\Simple.Abp.Dict.MongoDB.Tests\Simple.Abp.Dict.MongoDB.Tests.csproj", "{D0AD9179-125C-40B2-A8EE-CD4C1EE24BB6}"
EndProject
Project("{9A19103F-16F7-4668-BE54-9A1E7A4F7556}") = "Simple.Abp.Dict.Domain.Tests", "..\modules\dict\test\Simple.Abp.Dict.Domain.Tests\Simple.Abp.Dict.Domain.Tests.csproj", "{E60895E5-79C4-447D-88B7-85CB5BA336A4}"
EndProject
Project("{9A19103F-16F7-4668-BE54-9A1E7A4F7556}") = "Simple.Abp.Dict.Application.Tests", "..\modules\dict\test\Simple.Abp.Dict.Application.Tests\Simple.Abp.Dict.Application.Tests.csproj", "{90CB5DC4-C040-45C7-8900-9688B26405BC}"
EndProject
Project("{9A19103F-16F7-4668-BE54-9A1E7A4F7556}") = "Simple.Abp.Dict.HttpApi.Host", "..\modules\dict\host\Simple.Abp.Dict.HttpApi.Host\Simple.Abp.Dict.HttpApi.Host.csproj", "{37B135B0-DAFE-4616-B25C-1BDF32FC44A2}"
EndProject
Project("{9A19103F-16F7-4668-BE54-9A1E7A4F7556}") = "Simple.Abp.Dict.Web", "..\modules\dict\src\Simple.Abp.Dict.Web\Simple.Abp.Dict.Web.csproj", "{3B7B6317-1B85-4164-8E11-75574F80AE17}"
EndProject
Project("{9A19103F-16F7-4668-BE54-9A1E7A4F7556}") = "Simple.Abp.Dict.HttpApi.Client.ConsoleTestApp", "..\modules\dict\test\Simple.Abp.Dict.HttpApi.Client.ConsoleTestApp\Simple.Abp.Dict.HttpApi.Client.ConsoleTestApp.csproj", "{1EDCD6D4-DF3A-4E3B-ABB6-C0D0B373EAB8}"
EndProject
Project("{9A19103F-16F7-4668-BE54-9A1E7A4F7556}") = "Simple.Abp.Dict.Web.Host", "..\modules\dict\host\Simple.Abp.Dict.Web.Host\Simple.Abp.Dict.Web.Host.csproj", "{73513786-B6C6-4A21-89C5-0FBDD0A46107}"
EndProject
Project("{9A19103F-16F7-4668-BE54-9A1E7A4F7556}") = "Simple.Abp.Dict.IdentityServer", "..\modules\dict\host\Simple.Abp.Dict.IdentityServer\Simple.Abp.Dict.IdentityServer.csproj", "{690203F4-3CD5-4569-88D9-EE831EEA5F5F}"
EndProject
Project("{9A19103F-16F7-4668-BE54-9A1E7A4F7556}") = "Simple.Abp.Dict.Host.Shared", "..\modules\dict\host\Simple.Abp.Dict.Host.Shared\Simple.Abp.Dict.Host.Shared.csproj", "{F6AC8D4A-EDD7-4514-8E8A-5BCB019864DB}"
EndProject
Project("{9A19103F-16F7-4668-BE54-9A1E7A4F7556}") = "Simple.Abp.Dict.Web.Unified", "..\modules\dict\host\Simple.Abp.Dict.Web.Unified\Simple.Abp.Dict.Web.Unified.csproj", "{3D872C41-E226-45C8-89C1-9D3DBD7C73F2}"
EndProject
Project("{9A19103F-16F7-4668-BE54-9A1E7A4F7556}") = "Simple.Abp.Dict.Blazor", "..\modules\dict\src\Simple.Abp.Dict.Blazor\Simple.Abp.Dict.Blazor.csproj", "{827FCC18-A22B-4175-82CD-1233F6DEE8FB}"
EndProject
Project("{9A19103F-16F7-4668-BE54-9A1E7A4F7556}") = "Simple.Abp.Dict.Blazor.Host", "..\modules\dict\host\Simple.Abp.Dict.Blazor.Host\Simple.Abp.Dict.Blazor.Host.csproj", "{D7E0F672-F5E2-4338-AFF4-4E5091C55A62}"
EndProject
Global
	GlobalSection(SolutionConfigurationPlatforms) = preSolution
		Debug|Any CPU = Debug|Any CPU
		Release|Any CPU = Release|Any CPU
	EndGlobalSection
	GlobalSection(ProjectConfigurationPlatforms) = postSolution
		{554AD327-6DBA-4F8F-96F8-81CE7A0C863F}.Debug|Any CPU.ActiveCfg = Debug|Any CPU
		{554AD327-6DBA-4F8F-96F8-81CE7A0C863F}.Debug|Any CPU.Build.0 = Debug|Any CPU
		{554AD327-6DBA-4F8F-96F8-81CE7A0C863F}.Release|Any CPU.ActiveCfg = Release|Any CPU
		{554AD327-6DBA-4F8F-96F8-81CE7A0C863F}.Release|Any CPU.Build.0 = Release|Any CPU
		{1A94A50E-06DC-43C1-80B5-B662820EC3EB}.Debug|Any CPU.ActiveCfg = Debug|Any CPU
		{1A94A50E-06DC-43C1-80B5-B662820EC3EB}.Debug|Any CPU.Build.0 = Debug|Any CPU
		{1A94A50E-06DC-43C1-80B5-B662820EC3EB}.Release|Any CPU.ActiveCfg = Release|Any CPU
		{1A94A50E-06DC-43C1-80B5-B662820EC3EB}.Release|Any CPU.Build.0 = Release|Any CPU
		{C956DD76-69C8-4A9C-83EA-D17DF83340FD}.Debug|Any CPU.ActiveCfg = Debug|Any CPU
		{C956DD76-69C8-4A9C-83EA-D17DF83340FD}.Debug|Any CPU.Build.0 = Debug|Any CPU
		{C956DD76-69C8-4A9C-83EA-D17DF83340FD}.Release|Any CPU.ActiveCfg = Release|Any CPU
		{C956DD76-69C8-4A9C-83EA-D17DF83340FD}.Release|Any CPU.Build.0 = Release|Any CPU
		{50B2631D-129C-47B3-A587-029CCD6099BC}.Debug|Any CPU.ActiveCfg = Debug|Any CPU
		{50B2631D-129C-47B3-A587-029CCD6099BC}.Debug|Any CPU.Build.0 = Debug|Any CPU
		{50B2631D-129C-47B3-A587-029CCD6099BC}.Release|Any CPU.ActiveCfg = Release|Any CPU
		{50B2631D-129C-47B3-A587-029CCD6099BC}.Release|Any CPU.Build.0 = Release|Any CPU
		{0372FA84-C517-4EB3-9A9F-B9ACAC0CA5E0}.Debug|Any CPU.ActiveCfg = Debug|Any CPU
		{0372FA84-C517-4EB3-9A9F-B9ACAC0CA5E0}.Debug|Any CPU.Build.0 = Debug|Any CPU
		{0372FA84-C517-4EB3-9A9F-B9ACAC0CA5E0}.Release|Any CPU.ActiveCfg = Release|Any CPU
		{0372FA84-C517-4EB3-9A9F-B9ACAC0CA5E0}.Release|Any CPU.Build.0 = Release|Any CPU
		{42F719ED-8413-4895-B5B4-5AB56079BC66}.Debug|Any CPU.ActiveCfg = Debug|Any CPU
		{42F719ED-8413-4895-B5B4-5AB56079BC66}.Debug|Any CPU.Build.0 = Debug|Any CPU
		{42F719ED-8413-4895-B5B4-5AB56079BC66}.Release|Any CPU.ActiveCfg = Release|Any CPU
		{42F719ED-8413-4895-B5B4-5AB56079BC66}.Release|Any CPU.Build.0 = Release|Any CPU
		{520659C8-C734-4298-A3DA-B539DB9DFC0B}.Debug|Any CPU.ActiveCfg = Debug|Any CPU
		{520659C8-C734-4298-A3DA-B539DB9DFC0B}.Debug|Any CPU.Build.0 = Debug|Any CPU
		{520659C8-C734-4298-A3DA-B539DB9DFC0B}.Release|Any CPU.ActiveCfg = Release|Any CPU
		{520659C8-C734-4298-A3DA-B539DB9DFC0B}.Release|Any CPU.Build.0 = Release|Any CPU
		{4164BDF7-F527-4E85-9CE6-E3C2D7426A27}.Debug|Any CPU.ActiveCfg = Debug|Any CPU
		{4164BDF7-F527-4E85-9CE6-E3C2D7426A27}.Debug|Any CPU.Build.0 = Debug|Any CPU
		{4164BDF7-F527-4E85-9CE6-E3C2D7426A27}.Release|Any CPU.ActiveCfg = Release|Any CPU
		{4164BDF7-F527-4E85-9CE6-E3C2D7426A27}.Release|Any CPU.Build.0 = Release|Any CPU
		{3B5A0094-670D-4BB1-BFDD-61B88A8773DC}.Debug|Any CPU.ActiveCfg = Debug|Any CPU
		{3B5A0094-670D-4BB1-BFDD-61B88A8773DC}.Debug|Any CPU.Build.0 = Debug|Any CPU
		{3B5A0094-670D-4BB1-BFDD-61B88A8773DC}.Release|Any CPU.ActiveCfg = Release|Any CPU
		{3B5A0094-670D-4BB1-BFDD-61B88A8773DC}.Release|Any CPU.Build.0 = Release|Any CPU
		{6FE54035-9C11-4702-A5E2-D16F23101468}.Debug|Any CPU.ActiveCfg = Debug|Any CPU
		{6FE54035-9C11-4702-A5E2-D16F23101468}.Debug|Any CPU.Build.0 = Debug|Any CPU
		{6FE54035-9C11-4702-A5E2-D16F23101468}.Release|Any CPU.ActiveCfg = Release|Any CPU
		{6FE54035-9C11-4702-A5E2-D16F23101468}.Release|Any CPU.Build.0 = Release|Any CPU
		{073C361E-B8F4-49F5-93CC-72A3FF49C026}.Debug|Any CPU.ActiveCfg = Debug|Any CPU
		{073C361E-B8F4-49F5-93CC-72A3FF49C026}.Debug|Any CPU.Build.0 = Debug|Any CPU
		{073C361E-B8F4-49F5-93CC-72A3FF49C026}.Release|Any CPU.ActiveCfg = Release|Any CPU
		{073C361E-B8F4-49F5-93CC-72A3FF49C026}.Release|Any CPU.Build.0 = Release|Any CPU
		{E6D5BF0E-DE92-4D82-A352-EF04B37CB11C}.Debug|Any CPU.ActiveCfg = Debug|Any CPU
		{E6D5BF0E-DE92-4D82-A352-EF04B37CB11C}.Debug|Any CPU.Build.0 = Debug|Any CPU
		{E6D5BF0E-DE92-4D82-A352-EF04B37CB11C}.Release|Any CPU.ActiveCfg = Release|Any CPU
		{E6D5BF0E-DE92-4D82-A352-EF04B37CB11C}.Release|Any CPU.Build.0 = Release|Any CPU
		{1FE30EB9-74A9-47F5-A9F6-7B1FAB672D81}.Debug|Any CPU.ActiveCfg = Debug|Any CPU
		{1FE30EB9-74A9-47F5-A9F6-7B1FAB672D81}.Debug|Any CPU.Build.0 = Debug|Any CPU
		{1FE30EB9-74A9-47F5-A9F6-7B1FAB672D81}.Release|Any CPU.ActiveCfg = Release|Any CPU
		{1FE30EB9-74A9-47F5-A9F6-7B1FAB672D81}.Release|Any CPU.Build.0 = Release|Any CPU
		{91853F21-9CD9-4132-BC29-A7D5D84FFFE7}.Debug|Any CPU.ActiveCfg = Debug|Any CPU
		{91853F21-9CD9-4132-BC29-A7D5D84FFFE7}.Debug|Any CPU.Build.0 = Debug|Any CPU
		{91853F21-9CD9-4132-BC29-A7D5D84FFFE7}.Release|Any CPU.ActiveCfg = Release|Any CPU
		{91853F21-9CD9-4132-BC29-A7D5D84FFFE7}.Release|Any CPU.Build.0 = Release|Any CPU
		{E512F4D9-9375-480F-A2F6-A46509F9D824}.Debug|Any CPU.ActiveCfg = Debug|Any CPU
		{E512F4D9-9375-480F-A2F6-A46509F9D824}.Debug|Any CPU.Build.0 = Debug|Any CPU
		{E512F4D9-9375-480F-A2F6-A46509F9D824}.Release|Any CPU.ActiveCfg = Release|Any CPU
		{E512F4D9-9375-480F-A2F6-A46509F9D824}.Release|Any CPU.Build.0 = Release|Any CPU
		{EF480016-9127-4916-8735-D2466BDBC582}.Debug|Any CPU.ActiveCfg = Debug|Any CPU
		{EF480016-9127-4916-8735-D2466BDBC582}.Debug|Any CPU.Build.0 = Debug|Any CPU
		{EF480016-9127-4916-8735-D2466BDBC582}.Release|Any CPU.ActiveCfg = Release|Any CPU
		{EF480016-9127-4916-8735-D2466BDBC582}.Release|Any CPU.Build.0 = Release|Any CPU
		{AA94D832-1CCC-4715-95A9-A483F23A1A5D}.Debug|Any CPU.ActiveCfg = Debug|Any CPU
		{AA94D832-1CCC-4715-95A9-A483F23A1A5D}.Debug|Any CPU.Build.0 = Debug|Any CPU
		{AA94D832-1CCC-4715-95A9-A483F23A1A5D}.Release|Any CPU.ActiveCfg = Release|Any CPU
		{AA94D832-1CCC-4715-95A9-A483F23A1A5D}.Release|Any CPU.Build.0 = Release|Any CPU
		{4B35ABE2-7214-4071-8920-5E11315BA00D}.Debug|Any CPU.ActiveCfg = Debug|Any CPU
		{4B35ABE2-7214-4071-8920-5E11315BA00D}.Debug|Any CPU.Build.0 = Debug|Any CPU
		{4B35ABE2-7214-4071-8920-5E11315BA00D}.Release|Any CPU.ActiveCfg = Release|Any CPU
		{4B35ABE2-7214-4071-8920-5E11315BA00D}.Release|Any CPU.Build.0 = Release|Any CPU
		{87AF5A70-5AD5-447A-AB02-D63F28092F33}.Debug|Any CPU.ActiveCfg = Debug|Any CPU
		{87AF5A70-5AD5-447A-AB02-D63F28092F33}.Debug|Any CPU.Build.0 = Debug|Any CPU
		{87AF5A70-5AD5-447A-AB02-D63F28092F33}.Release|Any CPU.ActiveCfg = Release|Any CPU
		{87AF5A70-5AD5-447A-AB02-D63F28092F33}.Release|Any CPU.Build.0 = Release|Any CPU
		{C7AF0B0D-909D-4508-A56F-4AF5823878D5}.Debug|Any CPU.ActiveCfg = Debug|Any CPU
		{C7AF0B0D-909D-4508-A56F-4AF5823878D5}.Debug|Any CPU.Build.0 = Debug|Any CPU
		{C7AF0B0D-909D-4508-A56F-4AF5823878D5}.Release|Any CPU.ActiveCfg = Release|Any CPU
		{C7AF0B0D-909D-4508-A56F-4AF5823878D5}.Release|Any CPU.Build.0 = Release|Any CPU
		{FD8A131E-C00F-4C86-9FE3-0255CF00CDF2}.Debug|Any CPU.ActiveCfg = Debug|Any CPU
		{FD8A131E-C00F-4C86-9FE3-0255CF00CDF2}.Debug|Any CPU.Build.0 = Debug|Any CPU
		{FD8A131E-C00F-4C86-9FE3-0255CF00CDF2}.Release|Any CPU.ActiveCfg = Release|Any CPU
		{FD8A131E-C00F-4C86-9FE3-0255CF00CDF2}.Release|Any CPU.Build.0 = Release|Any CPU
		{C6EF08EA-33F6-4FA4-82BC-C770A72F5DC3}.Debug|Any CPU.ActiveCfg = Debug|Any CPU
		{C6EF08EA-33F6-4FA4-82BC-C770A72F5DC3}.Debug|Any CPU.Build.0 = Debug|Any CPU
		{C6EF08EA-33F6-4FA4-82BC-C770A72F5DC3}.Release|Any CPU.ActiveCfg = Release|Any CPU
		{C6EF08EA-33F6-4FA4-82BC-C770A72F5DC3}.Release|Any CPU.Build.0 = Release|Any CPU
		{8D89B748-8AA5-40CC-AD31-C2EECC442FA4}.Debug|Any CPU.ActiveCfg = Debug|Any CPU
		{8D89B748-8AA5-40CC-AD31-C2EECC442FA4}.Debug|Any CPU.Build.0 = Debug|Any CPU
		{8D89B748-8AA5-40CC-AD31-C2EECC442FA4}.Release|Any CPU.ActiveCfg = Release|Any CPU
		{8D89B748-8AA5-40CC-AD31-C2EECC442FA4}.Release|Any CPU.Build.0 = Release|Any CPU
		{CD84441F-C758-44FC-B222-37FC6D98DA11}.Debug|Any CPU.ActiveCfg = Debug|Any CPU
		{CD84441F-C758-44FC-B222-37FC6D98DA11}.Debug|Any CPU.Build.0 = Debug|Any CPU
		{CD84441F-C758-44FC-B222-37FC6D98DA11}.Release|Any CPU.ActiveCfg = Release|Any CPU
		{CD84441F-C758-44FC-B222-37FC6D98DA11}.Release|Any CPU.Build.0 = Release|Any CPU
		{575C8E47-785A-4362-801D-767ED64AB167}.Debug|Any CPU.ActiveCfg = Debug|Any CPU
		{575C8E47-785A-4362-801D-767ED64AB167}.Debug|Any CPU.Build.0 = Debug|Any CPU
		{575C8E47-785A-4362-801D-767ED64AB167}.Release|Any CPU.ActiveCfg = Release|Any CPU
		{575C8E47-785A-4362-801D-767ED64AB167}.Release|Any CPU.Build.0 = Release|Any CPU
		{B0C39C17-9E78-407D-9A38-8FEF2E602D1A}.Debug|Any CPU.ActiveCfg = Debug|Any CPU
		{B0C39C17-9E78-407D-9A38-8FEF2E602D1A}.Debug|Any CPU.Build.0 = Debug|Any CPU
		{B0C39C17-9E78-407D-9A38-8FEF2E602D1A}.Release|Any CPU.ActiveCfg = Release|Any CPU
		{B0C39C17-9E78-407D-9A38-8FEF2E602D1A}.Release|Any CPU.Build.0 = Release|Any CPU
		{228D872F-2999-495A-82E0-F0518BC6CAFA}.Debug|Any CPU.ActiveCfg = Debug|Any CPU
		{228D872F-2999-495A-82E0-F0518BC6CAFA}.Debug|Any CPU.Build.0 = Debug|Any CPU
		{228D872F-2999-495A-82E0-F0518BC6CAFA}.Release|Any CPU.ActiveCfg = Release|Any CPU
		{228D872F-2999-495A-82E0-F0518BC6CAFA}.Release|Any CPU.Build.0 = Release|Any CPU
		{99DF0211-7560-4615-AC45-25FF4C9E6CE5}.Debug|Any CPU.ActiveCfg = Debug|Any CPU
		{99DF0211-7560-4615-AC45-25FF4C9E6CE5}.Debug|Any CPU.Build.0 = Debug|Any CPU
		{99DF0211-7560-4615-AC45-25FF4C9E6CE5}.Release|Any CPU.ActiveCfg = Release|Any CPU
		{99DF0211-7560-4615-AC45-25FF4C9E6CE5}.Release|Any CPU.Build.0 = Release|Any CPU
		{B4B7EC0B-AB00-4424-AA70-491569F3C625}.Debug|Any CPU.ActiveCfg = Debug|Any CPU
		{B4B7EC0B-AB00-4424-AA70-491569F3C625}.Debug|Any CPU.Build.0 = Debug|Any CPU
		{B4B7EC0B-AB00-4424-AA70-491569F3C625}.Release|Any CPU.ActiveCfg = Release|Any CPU
		{B4B7EC0B-AB00-4424-AA70-491569F3C625}.Release|Any CPU.Build.0 = Release|Any CPU
		{545B6E6A-2278-4C02-856E-79EF7F14AD1C}.Debug|Any CPU.ActiveCfg = Debug|Any CPU
		{545B6E6A-2278-4C02-856E-79EF7F14AD1C}.Debug|Any CPU.Build.0 = Debug|Any CPU
		{545B6E6A-2278-4C02-856E-79EF7F14AD1C}.Release|Any CPU.ActiveCfg = Release|Any CPU
		{545B6E6A-2278-4C02-856E-79EF7F14AD1C}.Release|Any CPU.Build.0 = Release|Any CPU
		{DE3BD175-B56E-4B6D-A2C3-DB341C42E428}.Debug|Any CPU.ActiveCfg = Debug|Any CPU
		{DE3BD175-B56E-4B6D-A2C3-DB341C42E428}.Debug|Any CPU.Build.0 = Debug|Any CPU
		{DE3BD175-B56E-4B6D-A2C3-DB341C42E428}.Release|Any CPU.ActiveCfg = Release|Any CPU
		{DE3BD175-B56E-4B6D-A2C3-DB341C42E428}.Release|Any CPU.Build.0 = Release|Any CPU
		{E162DF0A-2291-442E-A99E-67B01C79E460}.Debug|Any CPU.ActiveCfg = Debug|Any CPU
		{E162DF0A-2291-442E-A99E-67B01C79E460}.Debug|Any CPU.Build.0 = Debug|Any CPU
		{E162DF0A-2291-442E-A99E-67B01C79E460}.Release|Any CPU.ActiveCfg = Release|Any CPU
		{E162DF0A-2291-442E-A99E-67B01C79E460}.Release|Any CPU.Build.0 = Release|Any CPU
		{D64C1577-4929-4B60-939E-96DE1534891A}.Debug|Any CPU.ActiveCfg = Debug|Any CPU
		{D64C1577-4929-4B60-939E-96DE1534891A}.Debug|Any CPU.Build.0 = Debug|Any CPU
		{D64C1577-4929-4B60-939E-96DE1534891A}.Release|Any CPU.ActiveCfg = Release|Any CPU
		{D64C1577-4929-4B60-939E-96DE1534891A}.Release|Any CPU.Build.0 = Release|Any CPU
		{F2840BC7-0188-4606-9126-DADD0F5ABF7A}.Debug|Any CPU.ActiveCfg = Debug|Any CPU
		{F2840BC7-0188-4606-9126-DADD0F5ABF7A}.Debug|Any CPU.Build.0 = Debug|Any CPU
		{F2840BC7-0188-4606-9126-DADD0F5ABF7A}.Release|Any CPU.ActiveCfg = Release|Any CPU
		{F2840BC7-0188-4606-9126-DADD0F5ABF7A}.Release|Any CPU.Build.0 = Release|Any CPU
		{BD65D04F-08D5-40C1-8C24-77CA0BACB877}.Debug|Any CPU.ActiveCfg = Debug|Any CPU
		{BD65D04F-08D5-40C1-8C24-77CA0BACB877}.Debug|Any CPU.Build.0 = Debug|Any CPU
		{BD65D04F-08D5-40C1-8C24-77CA0BACB877}.Release|Any CPU.ActiveCfg = Release|Any CPU
		{BD65D04F-08D5-40C1-8C24-77CA0BACB877}.Release|Any CPU.Build.0 = Release|Any CPU
		{78040F9E-3501-4A40-82DF-00A597710F35}.Debug|Any CPU.ActiveCfg = Debug|Any CPU
		{78040F9E-3501-4A40-82DF-00A597710F35}.Debug|Any CPU.Build.0 = Debug|Any CPU
		{78040F9E-3501-4A40-82DF-00A597710F35}.Release|Any CPU.ActiveCfg = Release|Any CPU
		{78040F9E-3501-4A40-82DF-00A597710F35}.Release|Any CPU.Build.0 = Release|Any CPU
		{0CE86223-D31D-4315-A1F5-87BA3EE1B844}.Debug|Any CPU.ActiveCfg = Debug|Any CPU
		{0CE86223-D31D-4315-A1F5-87BA3EE1B844}.Debug|Any CPU.Build.0 = Debug|Any CPU
		{0CE86223-D31D-4315-A1F5-87BA3EE1B844}.Release|Any CPU.ActiveCfg = Release|Any CPU
		{0CE86223-D31D-4315-A1F5-87BA3EE1B844}.Release|Any CPU.Build.0 = Release|Any CPU
		{F1C58097-4C08-4D88-8976-6B3389391481}.Debug|Any CPU.ActiveCfg = Debug|Any CPU
		{F1C58097-4C08-4D88-8976-6B3389391481}.Debug|Any CPU.Build.0 = Debug|Any CPU
		{F1C58097-4C08-4D88-8976-6B3389391481}.Release|Any CPU.ActiveCfg = Release|Any CPU
		{F1C58097-4C08-4D88-8976-6B3389391481}.Release|Any CPU.Build.0 = Release|Any CPU
		{077AA5F8-8B61-420C-A6B5-0150A66FDB34}.Debug|Any CPU.ActiveCfg = Debug|Any CPU
		{077AA5F8-8B61-420C-A6B5-0150A66FDB34}.Debug|Any CPU.Build.0 = Debug|Any CPU
		{077AA5F8-8B61-420C-A6B5-0150A66FDB34}.Release|Any CPU.ActiveCfg = Release|Any CPU
		{077AA5F8-8B61-420C-A6B5-0150A66FDB34}.Release|Any CPU.Build.0 = Release|Any CPU
		{36E2735F-CEAB-44C8-A6D1-2CDAFF399751}.Debug|Any CPU.ActiveCfg = Debug|Any CPU
		{36E2735F-CEAB-44C8-A6D1-2CDAFF399751}.Debug|Any CPU.Build.0 = Debug|Any CPU
		{36E2735F-CEAB-44C8-A6D1-2CDAFF399751}.Release|Any CPU.ActiveCfg = Release|Any CPU
		{36E2735F-CEAB-44C8-A6D1-2CDAFF399751}.Release|Any CPU.Build.0 = Release|Any CPU
		{C5BB573D-3030-4BCB-88B7-F6A85C32766C}.Debug|Any CPU.ActiveCfg = Debug|Any CPU
		{C5BB573D-3030-4BCB-88B7-F6A85C32766C}.Debug|Any CPU.Build.0 = Debug|Any CPU
		{C5BB573D-3030-4BCB-88B7-F6A85C32766C}.Release|Any CPU.ActiveCfg = Release|Any CPU
		{C5BB573D-3030-4BCB-88B7-F6A85C32766C}.Release|Any CPU.Build.0 = Release|Any CPU
		{527F645C-C1FC-406E-8479-81386C8ECF13}.Debug|Any CPU.ActiveCfg = Debug|Any CPU
		{527F645C-C1FC-406E-8479-81386C8ECF13}.Debug|Any CPU.Build.0 = Debug|Any CPU
		{527F645C-C1FC-406E-8479-81386C8ECF13}.Release|Any CPU.ActiveCfg = Release|Any CPU
		{527F645C-C1FC-406E-8479-81386C8ECF13}.Release|Any CPU.Build.0 = Release|Any CPU
		{D0AD9179-125C-40B2-A8EE-CD4C1EE24BB6}.Debug|Any CPU.ActiveCfg = Debug|Any CPU
		{D0AD9179-125C-40B2-A8EE-CD4C1EE24BB6}.Debug|Any CPU.Build.0 = Debug|Any CPU
		{D0AD9179-125C-40B2-A8EE-CD4C1EE24BB6}.Release|Any CPU.ActiveCfg = Release|Any CPU
		{D0AD9179-125C-40B2-A8EE-CD4C1EE24BB6}.Release|Any CPU.Build.0 = Release|Any CPU
		{E60895E5-79C4-447D-88B7-85CB5BA336A4}.Debug|Any CPU.ActiveCfg = Debug|Any CPU
		{E60895E5-79C4-447D-88B7-85CB5BA336A4}.Debug|Any CPU.Build.0 = Debug|Any CPU
		{E60895E5-79C4-447D-88B7-85CB5BA336A4}.Release|Any CPU.ActiveCfg = Release|Any CPU
		{E60895E5-79C4-447D-88B7-85CB5BA336A4}.Release|Any CPU.Build.0 = Release|Any CPU
		{90CB5DC4-C040-45C7-8900-9688B26405BC}.Debug|Any CPU.ActiveCfg = Debug|Any CPU
		{90CB5DC4-C040-45C7-8900-9688B26405BC}.Debug|Any CPU.Build.0 = Debug|Any CPU
		{90CB5DC4-C040-45C7-8900-9688B26405BC}.Release|Any CPU.ActiveCfg = Release|Any CPU
		{90CB5DC4-C040-45C7-8900-9688B26405BC}.Release|Any CPU.Build.0 = Release|Any CPU
		{37B135B0-DAFE-4616-B25C-1BDF32FC44A2}.Debug|Any CPU.ActiveCfg = Debug|Any CPU
		{37B135B0-DAFE-4616-B25C-1BDF32FC44A2}.Debug|Any CPU.Build.0 = Debug|Any CPU
		{37B135B0-DAFE-4616-B25C-1BDF32FC44A2}.Release|Any CPU.ActiveCfg = Release|Any CPU
		{37B135B0-DAFE-4616-B25C-1BDF32FC44A2}.Release|Any CPU.Build.0 = Release|Any CPU
		{3B7B6317-1B85-4164-8E11-75574F80AE17}.Debug|Any CPU.ActiveCfg = Debug|Any CPU
		{3B7B6317-1B85-4164-8E11-75574F80AE17}.Debug|Any CPU.Build.0 = Debug|Any CPU
		{3B7B6317-1B85-4164-8E11-75574F80AE17}.Release|Any CPU.ActiveCfg = Release|Any CPU
		{3B7B6317-1B85-4164-8E11-75574F80AE17}.Release|Any CPU.Build.0 = Release|Any CPU
		{1EDCD6D4-DF3A-4E3B-ABB6-C0D0B373EAB8}.Debug|Any CPU.ActiveCfg = Debug|Any CPU
		{1EDCD6D4-DF3A-4E3B-ABB6-C0D0B373EAB8}.Debug|Any CPU.Build.0 = Debug|Any CPU
		{1EDCD6D4-DF3A-4E3B-ABB6-C0D0B373EAB8}.Release|Any CPU.ActiveCfg = Release|Any CPU
		{1EDCD6D4-DF3A-4E3B-ABB6-C0D0B373EAB8}.Release|Any CPU.Build.0 = Release|Any CPU
		{73513786-B6C6-4A21-89C5-0FBDD0A46107}.Debug|Any CPU.ActiveCfg = Debug|Any CPU
		{73513786-B6C6-4A21-89C5-0FBDD0A46107}.Debug|Any CPU.Build.0 = Debug|Any CPU
		{73513786-B6C6-4A21-89C5-0FBDD0A46107}.Release|Any CPU.ActiveCfg = Release|Any CPU
		{73513786-B6C6-4A21-89C5-0FBDD0A46107}.Release|Any CPU.Build.0 = Release|Any CPU
		{690203F4-3CD5-4569-88D9-EE831EEA5F5F}.Debug|Any CPU.ActiveCfg = Debug|Any CPU
		{690203F4-3CD5-4569-88D9-EE831EEA5F5F}.Debug|Any CPU.Build.0 = Debug|Any CPU
		{690203F4-3CD5-4569-88D9-EE831EEA5F5F}.Release|Any CPU.ActiveCfg = Release|Any CPU
		{690203F4-3CD5-4569-88D9-EE831EEA5F5F}.Release|Any CPU.Build.0 = Release|Any CPU
		{F6AC8D4A-EDD7-4514-8E8A-5BCB019864DB}.Debug|Any CPU.ActiveCfg = Debug|Any CPU
		{F6AC8D4A-EDD7-4514-8E8A-5BCB019864DB}.Debug|Any CPU.Build.0 = Debug|Any CPU
		{F6AC8D4A-EDD7-4514-8E8A-5BCB019864DB}.Release|Any CPU.ActiveCfg = Release|Any CPU
		{F6AC8D4A-EDD7-4514-8E8A-5BCB019864DB}.Release|Any CPU.Build.0 = Release|Any CPU
		{3D872C41-E226-45C8-89C1-9D3DBD7C73F2}.Debug|Any CPU.ActiveCfg = Debug|Any CPU
		{3D872C41-E226-45C8-89C1-9D3DBD7C73F2}.Debug|Any CPU.Build.0 = Debug|Any CPU
		{3D872C41-E226-45C8-89C1-9D3DBD7C73F2}.Release|Any CPU.ActiveCfg = Release|Any CPU
		{3D872C41-E226-45C8-89C1-9D3DBD7C73F2}.Release|Any CPU.Build.0 = Release|Any CPU
		{827FCC18-A22B-4175-82CD-1233F6DEE8FB}.Debug|Any CPU.ActiveCfg = Debug|Any CPU
		{827FCC18-A22B-4175-82CD-1233F6DEE8FB}.Debug|Any CPU.Build.0 = Debug|Any CPU
		{827FCC18-A22B-4175-82CD-1233F6DEE8FB}.Release|Any CPU.ActiveCfg = Release|Any CPU
		{827FCC18-A22B-4175-82CD-1233F6DEE8FB}.Release|Any CPU.Build.0 = Release|Any CPU
		{D7E0F672-F5E2-4338-AFF4-4E5091C55A62}.Debug|Any CPU.ActiveCfg = Debug|Any CPU
		{D7E0F672-F5E2-4338-AFF4-4E5091C55A62}.Debug|Any CPU.Build.0 = Debug|Any CPU
		{D7E0F672-F5E2-4338-AFF4-4E5091C55A62}.Release|Any CPU.ActiveCfg = Release|Any CPU
		{D7E0F672-F5E2-4338-AFF4-4E5091C55A62}.Release|Any CPU.Build.0 = Release|Any CPU
	EndGlobalSection
	GlobalSection(SolutionProperties) = preSolution
		HideSolutionNode = FALSE
	EndGlobalSection
	GlobalSection(NestedProjects) = preSolution
		{554AD327-6DBA-4F8F-96F8-81CE7A0C863F} = {CA9AC87F-097E-4F15-8393-4BC07735A5B0}
		{1A94A50E-06DC-43C1-80B5-B662820EC3EB} = {CA9AC87F-097E-4F15-8393-4BC07735A5B0}
		{C956DD76-69C8-4A9C-83EA-D17DF83340FD} = {CA9AC87F-097E-4F15-8393-4BC07735A5B0}
		{50B2631D-129C-47B3-A587-029CCD6099BC} = {04DBDB01-70F4-4E06-B468-8F87850B22BE}
		{0372FA84-C517-4EB3-9A9F-B9ACAC0CA5E0} = {CA9AC87F-097E-4F15-8393-4BC07735A5B0}
		{42F719ED-8413-4895-B5B4-5AB56079BC66} = {CA9AC87F-097E-4F15-8393-4BC07735A5B0}
		{520659C8-C734-4298-A3DA-B539DB9DFC0B} = {CA9AC87F-097E-4F15-8393-4BC07735A5B0}
		{4164BDF7-F527-4E85-9CE6-E3C2D7426A27} = {CA9AC87F-097E-4F15-8393-4BC07735A5B0}
		{3B5A0094-670D-4BB1-BFDD-61B88A8773DC} = {CA9AC87F-097E-4F15-8393-4BC07735A5B0}
		{6FE54035-9C11-4702-A5E2-D16F23101468} = {CA9AC87F-097E-4F15-8393-4BC07735A5B0}
		{073C361E-B8F4-49F5-93CC-72A3FF49C026} = {CA9AC87F-097E-4F15-8393-4BC07735A5B0}
		{E6D5BF0E-DE92-4D82-A352-EF04B37CB11C} = {CA9AC87F-097E-4F15-8393-4BC07735A5B0}
		{1FE30EB9-74A9-47F5-A9F6-7B1FAB672D81} = {04DBDB01-70F4-4E06-B468-8F87850B22BE}
		{91853F21-9CD9-4132-BC29-A7D5D84FFFE7} = {04DBDB01-70F4-4E06-B468-8F87850B22BE}
		{E512F4D9-9375-480F-A2F6-A46509F9D824} = {04DBDB01-70F4-4E06-B468-8F87850B22BE}
		{EF480016-9127-4916-8735-D2466BDBC582} = {04DBDB01-70F4-4E06-B468-8F87850B22BE}
		{AA94D832-1CCC-4715-95A9-A483F23A1A5D} = {CA9AC87F-097E-4F15-8393-4BC07735A5B0}
		{BBFCCE81-E79B-486E-9CEA-46D6BCBB8BB5} = {0B611F2F-3198-4BC1-905F-F69E442F1086}
		{4B35ABE2-7214-4071-8920-5E11315BA00D} = {5A988AF2-BED6-4666-9BAB-781F35987C56}
		{87AF5A70-5AD5-447A-AB02-D63F28092F33} = {5A988AF2-BED6-4666-9BAB-781F35987C56}
		{C7AF0B0D-909D-4508-A56F-4AF5823878D5} = {5A988AF2-BED6-4666-9BAB-781F35987C56}
		{FD8A131E-C00F-4C86-9FE3-0255CF00CDF2} = {5A988AF2-BED6-4666-9BAB-781F35987C56}
		{C6EF08EA-33F6-4FA4-82BC-C770A72F5DC3} = {5A988AF2-BED6-4666-9BAB-781F35987C56}
		{8D89B748-8AA5-40CC-AD31-C2EECC442FA4} = {5A988AF2-BED6-4666-9BAB-781F35987C56}
		{CD84441F-C758-44FC-B222-37FC6D98DA11} = {5A988AF2-BED6-4666-9BAB-781F35987C56}
		{5A988AF2-BED6-4666-9BAB-781F35987C56} = {BBFCCE81-E79B-486E-9CEA-46D6BCBB8BB5}
		{173FD776-AAC4-42B0-9E31-46C99DC266A4} = {BBFCCE81-E79B-486E-9CEA-46D6BCBB8BB5}
		{575C8E47-785A-4362-801D-767ED64AB167} = {5A988AF2-BED6-4666-9BAB-781F35987C56}
		{B0C39C17-9E78-407D-9A38-8FEF2E602D1A} = {5A988AF2-BED6-4666-9BAB-781F35987C56}
		{E2131516-B48C-4067-93F5-57FCCF621048} = {0B611F2F-3198-4BC1-905F-F69E442F1086}
		{A47B5485-1E83-49A3-8F29-024CBFCE8C2E} = {E2131516-B48C-4067-93F5-57FCCF621048}
		{228D872F-2999-495A-82E0-F0518BC6CAFA} = {A47B5485-1E83-49A3-8F29-024CBFCE8C2E}
		{E7F2CDEC-FB9D-4CE0-90A8-9BC710A34492} = {0B611F2F-3198-4BC1-905F-F69E442F1086}
		{99DF0211-7560-4615-AC45-25FF4C9E6CE5} = {3232B3B8-534A-4377-9BC4-0A23B6B809C3}
		{B4B7EC0B-AB00-4424-AA70-491569F3C625} = {3232B3B8-534A-4377-9BC4-0A23B6B809C3}
		{0447E2AC-D81F-443A-AF72-538F42CC064C} = {0B611F2F-3198-4BC1-905F-F69E442F1086}
		{545B6E6A-2278-4C02-856E-79EF7F14AD1C} = {AF4D2AA3-D19E-4021-A645-674145FDAD8C}
		{AF4D2AA3-D19E-4021-A645-674145FDAD8C} = {0447E2AC-D81F-443A-AF72-538F42CC064C}
		{3232B3B8-534A-4377-9BC4-0A23B6B809C3} = {E7F2CDEC-FB9D-4CE0-90A8-9BC710A34492}
		{DE3BD175-B56E-4B6D-A2C3-DB341C42E428} = {CA9AC87F-097E-4F15-8393-4BC07735A5B0}
		{BBD5683D-5E4C-4F13-B62B-5A4E99DA951A} = {E2131516-B48C-4067-93F5-57FCCF621048}
		{E162DF0A-2291-442E-A99E-67B01C79E460} = {E6AC4A24-DDB4-41F4-92CA-68D6EE7462D1}
		{E6AC4A24-DDB4-41F4-92CA-68D6EE7462D1} = {BBD5683D-5E4C-4F13-B62B-5A4E99DA951A}
		{58885C42-4355-4A80-8981-B0B489970B8F} = {0B611F2F-3198-4BC1-905F-F69E442F1086}
		{D64C1577-4929-4B60-939E-96DE1534891A} = {649A3FFA-182F-4E56-9717-E6A9A2BEC545}
		{F2840BC7-0188-4606-9126-DADD0F5ABF7A} = {649A3FFA-182F-4E56-9717-E6A9A2BEC545}
		{BD65D04F-08D5-40C1-8C24-77CA0BACB877} = {649A3FFA-182F-4E56-9717-E6A9A2BEC545}
		{78040F9E-3501-4A40-82DF-00A597710F35} = {649A3FFA-182F-4E56-9717-E6A9A2BEC545}
		{649A3FFA-182F-4E56-9717-E6A9A2BEC545} = {58885C42-4355-4A80-8981-B0B489970B8F}
		{CCD2960C-23CC-4AB4-B84D-60C7AAA52F4D} = {58885C42-4355-4A80-8981-B0B489970B8F}
		{E400416D-2895-4512-9D17-90681EEC7E0A} = {58885C42-4355-4A80-8981-B0B489970B8F}
		{0CE86223-D31D-4315-A1F5-87BA3EE1B844} = {649A3FFA-182F-4E56-9717-E6A9A2BEC545}
		{F1C58097-4C08-4D88-8976-6B3389391481} = {649A3FFA-182F-4E56-9717-E6A9A2BEC545}
		{077AA5F8-8B61-420C-A6B5-0150A66FDB34} = {649A3FFA-182F-4E56-9717-E6A9A2BEC545}
		{36E2735F-CEAB-44C8-A6D1-2CDAFF399751} = {649A3FFA-182F-4E56-9717-E6A9A2BEC545}
		{C5BB573D-3030-4BCB-88B7-F6A85C32766C} = {CCD2960C-23CC-4AB4-B84D-60C7AAA52F4D}
		{527F645C-C1FC-406E-8479-81386C8ECF13} = {CCD2960C-23CC-4AB4-B84D-60C7AAA52F4D}
		{D0AD9179-125C-40B2-A8EE-CD4C1EE24BB6} = {CCD2960C-23CC-4AB4-B84D-60C7AAA52F4D}
		{E60895E5-79C4-447D-88B7-85CB5BA336A4} = {CCD2960C-23CC-4AB4-B84D-60C7AAA52F4D}
		{90CB5DC4-C040-45C7-8900-9688B26405BC} = {CCD2960C-23CC-4AB4-B84D-60C7AAA52F4D}
		{37B135B0-DAFE-4616-B25C-1BDF32FC44A2} = {E400416D-2895-4512-9D17-90681EEC7E0A}
		{3B7B6317-1B85-4164-8E11-75574F80AE17} = {649A3FFA-182F-4E56-9717-E6A9A2BEC545}
		{1EDCD6D4-DF3A-4E3B-ABB6-C0D0B373EAB8} = {CCD2960C-23CC-4AB4-B84D-60C7AAA52F4D}
		{73513786-B6C6-4A21-89C5-0FBDD0A46107} = {E400416D-2895-4512-9D17-90681EEC7E0A}
		{690203F4-3CD5-4569-88D9-EE831EEA5F5F} = {E400416D-2895-4512-9D17-90681EEC7E0A}
		{F6AC8D4A-EDD7-4514-8E8A-5BCB019864DB} = {E400416D-2895-4512-9D17-90681EEC7E0A}
		{3D872C41-E226-45C8-89C1-9D3DBD7C73F2} = {E400416D-2895-4512-9D17-90681EEC7E0A}
		{827FCC18-A22B-4175-82CD-1233F6DEE8FB} = {649A3FFA-182F-4E56-9717-E6A9A2BEC545}
		{D7E0F672-F5E2-4338-AFF4-4E5091C55A62} = {E400416D-2895-4512-9D17-90681EEC7E0A}
	EndGlobalSection
	GlobalSection(ExtensibilityGlobals) = postSolution
		SolutionGuid = {4324B3B4-B60B-4E3C-91D8-59576B4E26DD}
	EndGlobalSection
EndGlobal
