
Microsoft Visual Studio Solution File, Format Version 12.00
# Visual Studio Version 16
VisualStudioVersion = 16.0.30309.148
MinimumVisualStudioVersion = 10.0.40219.1
Project("{9A19103F-16F7-4668-BE54-9A1E7A4F7556}") = "Simple.Abp.Blog.Domain", "src\Simple.Abp.Blog.Domain\Simple.Abp.Blog.Domain.csproj", "{554AD327-6DBA-4F8F-96F8-81CE7A0C863F}"
EndProject
Project("{9A19103F-16F7-4668-BE54-9A1E7A4F7556}") = "Simple.Abp.Blog.Application", "src\Simple.Abp.Blog.Application\Simple.Abp.Blog.Application.csproj", "{1A94A50E-06DC-43C1-80B5-B662820EC3EB}"
EndProject
Project("{9A19103F-16F7-4668-BE54-9A1E7A4F7556}") = "Simple.Abp.Blog.EntityFrameworkCore", "src\Simple.Abp.Blog.EntityFrameworkCore\Simple.Abp.Blog.EntityFrameworkCore.csproj", "{C956DD76-69C8-4A9C-83EA-D17DF83340FD}"
EndProject
Project("{2150E333-8FDC-42A3-9474-1A3956D46DE8}") = "src", "src", "{CA9AC87F-097E-4F15-8393-4BC07735A5B0}"
EndProject
Project("{2150E333-8FDC-42A3-9474-1A3956D46DE8}") = "test", "test", "{04DBDB01-70F4-4E06-B468-8F87850B22BE}"
EndProject
Project("{9A19103F-16F7-4668-BE54-9A1E7A4F7556}") = "Simple.Abp.Blog.Application.Tests", "test\Simple.Abp.Blog.Application.Tests\Simple.Abp.Blog.Application.Tests.csproj", "{50B2631D-129C-47B3-A587-029CCD6099BC}"
EndProject
Project("{9A19103F-16F7-4668-BE54-9A1E7A4F7556}") = "Simple.Abp.Blog.EntityFrameworkCore.DbMigrations", "src\Simple.Abp.Blog.EntityFrameworkCore.DbMigrations\Simple.Abp.Blog.EntityFrameworkCore.DbMigrations.csproj", "{0372FA84-C517-4EB3-9A9F-B9ACAC0CA5E0}"
EndProject
Project("{9A19103F-16F7-4668-BE54-9A1E7A4F7556}") = "Simple.Abp.Blog.Domain.Shared", "src\Simple.Abp.Blog.Domain.Shared\Simple.Abp.Blog.Domain.Shared.csproj", "{42F719ED-8413-4895-B5B4-5AB56079BC66}"
EndProject
Project("{9A19103F-16F7-4668-BE54-9A1E7A4F7556}") = "Simple.Abp.Blog.Application.Contracts", "src\Simple.Abp.Blog.Application.Contracts\Simple.Abp.Blog.Application.Contracts.csproj", "{520659C8-C734-4298-A3DA-B539DB9DFC0B}"
EndProject
Project("{9A19103F-16F7-4668-BE54-9A1E7A4F7556}") = "Simple.Abp.Blog.HttpApi", "src\Simple.Abp.Blog.HttpApi\Simple.Abp.Blog.HttpApi.csproj", "{4164BDF7-F527-4E85-9CE6-E3C2D7426A27}"
EndProject
Project("{9A19103F-16F7-4668-BE54-9A1E7A4F7556}") = "Simple.Abp.Blog.HttpApi.Client", "src\Simple.Abp.Blog.HttpApi.Client\Simple.Abp.Blog.HttpApi.Client.csproj", "{3B5A0094-670D-4BB1-BFDD-61B88A8773DC}"
EndProject
Project("{9A19103F-16F7-4668-BE54-9A1E7A4F7556}") = "Simple.Abp.Blog.Web", "src\Simple.Abp.Blog.Web\Simple.Abp.Blog.Web.csproj", "{6FE54035-9C11-4702-A5E2-D16F23101468}"
EndProject
Project("{9A19103F-16F7-4668-BE54-9A1E7A4F7556}") = "Simple.Abp.Blog.IdentityServer", "src\Simple.Abp.Blog.IdentityServer\Simple.Abp.Blog.IdentityServer.csproj", "{073C361E-B8F4-49F5-93CC-72A3FF49C026}"
EndProject
Project("{9A19103F-16F7-4668-BE54-9A1E7A4F7556}") = "Simple.Abp.Blog.HttpApi.Host", "src\Simple.Abp.Blog.HttpApi.Host\Simple.Abp.Blog.HttpApi.Host.csproj", "{E6D5BF0E-DE92-4D82-A352-EF04B37CB11C}"
EndProject
Project("{9A19103F-16F7-4668-BE54-9A1E7A4F7556}") = "Simple.Abp.Blog.EntityFrameworkCore.Tests", "test\Simple.Abp.Blog.EntityFrameworkCore.Tests\Simple.Abp.Blog.EntityFrameworkCore.Tests.csproj", "{1FE30EB9-74A9-47F5-A9F6-7B1FAB672D81}"
EndProject
Project("{9A19103F-16F7-4668-BE54-9A1E7A4F7556}") = "Simple.Abp.Blog.TestBase", "test\Simple.Abp.Blog.TestBase\Simple.Abp.Blog.TestBase.csproj", "{91853F21-9CD9-4132-BC29-A7D5D84FFFE7}"
EndProject
Project("{9A19103F-16F7-4668-BE54-9A1E7A4F7556}") = "Simple.Abp.Blog.Domain.Tests", "test\Simple.Abp.Blog.Domain.Tests\Simple.Abp.Blog.Domain.Tests.csproj", "{E512F4D9-9375-480F-A2F6-A46509F9D824}"
EndProject
Project("{9A19103F-16F7-4668-BE54-9A1E7A4F7556}") = "Simple.Abp.Blog.HttpApi.Client.ConsoleTestApp", "test\Simple.Abp.Blog.HttpApi.Client.ConsoleTestApp\Simple.Abp.Blog.HttpApi.Client.ConsoleTestApp.csproj", "{EF480016-9127-4916-8735-D2466BDBC582}"
EndProject
Project("{9A19103F-16F7-4668-BE54-9A1E7A4F7556}") = "Simple.Abp.Blog.DbMigrator", "src\Simple.Abp.Blog.DbMigrator\Simple.Abp.Blog.DbMigrator.csproj", "{AA94D832-1CCC-4715-95A9-A483F23A1A5D}"
EndProject
Project("{2150E333-8FDC-42A3-9474-1A3956D46DE8}") = "module", "module", "{0B611F2F-3198-4BC1-905F-F69E442F1086}"
EndProject
Project("{2150E333-8FDC-42A3-9474-1A3956D46DE8}") = "articles", "articles", "{BBFCCE81-E79B-486E-9CEA-46D6BCBB8BB5}"
EndProject
Project("{9A19103F-16F7-4668-BE54-9A1E7A4F7556}") = "Simple.Abp.Articles.Domain.Shared", "..\modules\articles\src\Simple.Abp.Articles.Domain.Shared\Simple.Abp.Articles.Domain.Shared.csproj", "{4B35ABE2-7214-4071-8920-5E11315BA00D}"
EndProject
Project("{9A19103F-16F7-4668-BE54-9A1E7A4F7556}") = "Simple.Abp.Articles.Domain", "..\modules\articles\src\Simple.Abp.Articles.Domain\Simple.Abp.Articles.Domain.csproj", "{87AF5A70-5AD5-447A-AB02-D63F28092F33}"
EndProject
Project("{9A19103F-16F7-4668-BE54-9A1E7A4F7556}") = "Simple.Abp.Articles.Application.Contracts", "..\modules\articles\src\Simple.Abp.Articles.Application.Contracts\Simple.Abp.Articles.Application.Contracts.csproj", "{C7AF0B0D-909D-4508-A56F-4AF5823878D5}"
EndProject
Project("{9A19103F-16F7-4668-BE54-9A1E7A4F7556}") = "Simple.Abp.Articles.Application", "..\modules\articles\src\Simple.Abp.Articles.Application\Simple.Abp.Articles.Application.csproj", "{FD8A131E-C00F-4C86-9FE3-0255CF00CDF2}"
EndProject
Project("{9A19103F-16F7-4668-BE54-9A1E7A4F7556}") = "Simple.Abp.Articles.HttpApi", "..\modules\articles\src\Simple.Abp.Articles.HttpApi\Simple.Abp.Articles.HttpApi.csproj", "{C6EF08EA-33F6-4FA4-82BC-C770A72F5DC3}"
EndProject
Project("{9A19103F-16F7-4668-BE54-9A1E7A4F7556}") = "Simple.Abp.Articles.HttpApi.Client", "..\modules\articles\src\Simple.Abp.Articles.HttpApi.Client\Simple.Abp.Articles.HttpApi.Client.csproj", "{8D89B748-8AA5-40CC-AD31-C2EECC442FA4}"
EndProject
Project("{9A19103F-16F7-4668-BE54-9A1E7A4F7556}") = "Simple.Abp.Articles.Web", "..\modules\articles\src\Simple.Abp.Articles.Web\Simple.Abp.Articles.Web.csproj", "{CD84441F-C758-44FC-B222-37FC6D98DA11}"
EndProject
Project("{2150E333-8FDC-42A3-9474-1A3956D46DE8}") = "src", "src", "{5A988AF2-BED6-4666-9BAB-781F35987C56}"
EndProject
Project("{2150E333-8FDC-42A3-9474-1A3956D46DE8}") = "test", "test", "{173FD776-AAC4-42B0-9E31-46C99DC266A4}"
EndProject
Project("{9A19103F-16F7-4668-BE54-9A1E7A4F7556}") = "Simple.Abp.Articles.EntityFrameworkCore", "..\modules\articles\src\Simple.Abp.Articles.EntityFrameworkCore\Simple.Abp.Articles.EntityFrameworkCore.csproj", "{575C8E47-785A-4362-801D-767ED64AB167}"
EndProject
Project("{9A19103F-16F7-4668-BE54-9A1E7A4F7556}") = "Simple.Abp.Articles.Web.Front", "..\modules\articles\src\Simple.Abp.Articles.Web.Front\Simple.Abp.Articles.Web.Front.csproj", "{B0C39C17-9E78-407D-9A38-8FEF2E602D1A}"
EndProject
Project("{2150E333-8FDC-42A3-9474-1A3956D46DE8}") = "theme", "theme", "{E2131516-B48C-4067-93F5-57FCCF621048}"
EndProject
Project("{2150E333-8FDC-42A3-9474-1A3956D46DE8}") = "metronic", "metronic", "{A47B5485-1E83-49A3-8F29-024CBFCE8C2E}"
EndProject
Project("{9A19103F-16F7-4668-BE54-9A1E7A4F7556}") = "Abp.AspNetCore.Mvc.UI.Theme.Metronic", "..\modules\theme\metronic\Abp.AspNetCore.Mvc.UI.Theme.Metronic\Abp.AspNetCore.Mvc.UI.Theme.Metronic.csproj", "{228D872F-2999-495A-82E0-F0518BC6CAFA}"
EndProject
Project("{2150E333-8FDC-42A3-9474-1A3956D46DE8}") = "acount", "acount", "{E7F2CDEC-FB9D-4CE0-90A8-9BC710A34492}"
EndProject
Project("{9A19103F-16F7-4668-BE54-9A1E7A4F7556}") = "Simple.Abp.Account.Web.IdentityServer", "..\modules\account\src\Simple.Abp.Account.Web.IdentityServer\Simple.Abp.Account.Web.IdentityServer.csproj", "{99DF0211-7560-4615-AC45-25FF4C9E6CE5}"
EndProject
Project("{9A19103F-16F7-4668-BE54-9A1E7A4F7556}") = "Simple.Abp.Account.Web", "..\modules\account\src\Simple.Abp.Account.Web\Simple.Abp.Account.Web.csproj", "{B4B7EC0B-AB00-4424-AA70-491569F3C625}"
EndProject
Project("{2150E333-8FDC-42A3-9474-1A3956D46DE8}") = "framework", "framework", "{0447E2AC-D81F-443A-AF72-538F42CC064C}"
EndProject
Project("{9A19103F-16F7-4668-BE54-9A1E7A4F7556}") = "Simple.Abp.TencentCos", "..\framework\src\Simple.Abp.TencentCos\Simple.Abp.TencentCos.csproj", "{545B6E6A-2278-4C02-856E-79EF7F14AD1C}"
EndProject
Project("{2150E333-8FDC-42A3-9474-1A3956D46DE8}") = "src", "src", "{AF4D2AA3-D19E-4021-A645-674145FDAD8C}"
EndProject
Project("{2150E333-8FDC-42A3-9474-1A3956D46DE8}") = "src", "src", "{3232B3B8-534A-4377-9BC4-0A23B6B809C3}"
EndProject
Project("{FAE04EC0-301F-11D3-BF4B-00C04F79EFBC}") = "Simple.Abp.Blog.Web.Front", "src\Simple.Abp.Blog.Web.Front\Simple.Abp.Blog.Web.Front.csproj", "{DE3BD175-B56E-4B6D-A2C3-DB341C42E428}"
EndProject
Global
	GlobalSection(SolutionConfigurationPlatforms) = preSolution
		Debug|Any CPU = Debug|Any CPU
		Release|Any CPU = Release|Any CPU
	EndGlobalSection
	GlobalSection(ProjectConfigurationPlatforms) = postSolution
		{554AD327-6DBA-4F8F-96F8-81CE7A0C863F}.Debug|Any CPU.ActiveCfg = Debug|Any CPU
		{554AD327-6DBA-4F8F-96F8-81CE7A0C863F}.Debug|Any CPU.Build.0 = Debug|Any CPU
		{554AD327-6DBA-4F8F-96F8-81CE7A0C863F}.Release|Any CPU.ActiveCfg = Release|Any CPU
		{554AD327-6DBA-4F8F-96F8-81CE7A0C863F}.Release|Any CPU.Build.0 = Release|Any CPU
		{1A94A50E-06DC-43C1-80B5-B662820EC3EB}.Debug|Any CPU.ActiveCfg = Debug|Any CPU
		{1A94A50E-06DC-43C1-80B5-B662820EC3EB}.Debug|Any CPU.Build.0 = Debug|Any CPU
		{1A94A50E-06DC-43C1-80B5-B662820EC3EB}.Release|Any CPU.ActiveCfg = Release|Any CPU
		{1A94A50E-06DC-43C1-80B5-B662820EC3EB}.Release|Any CPU.Build.0 = Release|Any CPU
		{C956DD76-69C8-4A9C-83EA-D17DF83340FD}.Debug|Any CPU.ActiveCfg = Debug|Any CPU
		{C956DD76-69C8-4A9C-83EA-D17DF83340FD}.Debug|Any CPU.Build.0 = Debug|Any CPU
		{C956DD76-69C8-4A9C-83EA-D17DF83340FD}.Release|Any CPU.ActiveCfg = Release|Any CPU
		{C956DD76-69C8-4A9C-83EA-D17DF83340FD}.Release|Any CPU.Build.0 = Release|Any CPU
		{50B2631D-129C-47B3-A587-029CCD6099BC}.Debug|Any CPU.ActiveCfg = Debug|Any CPU
		{50B2631D-129C-47B3-A587-029CCD6099BC}.Debug|Any CPU.Build.0 = Debug|Any CPU
		{50B2631D-129C-47B3-A587-029CCD6099BC}.Release|Any CPU.ActiveCfg = Release|Any CPU
		{50B2631D-129C-47B3-A587-029CCD6099BC}.Release|Any CPU.Build.0 = Release|Any CPU
		{0372FA84-C517-4EB3-9A9F-B9ACAC0CA5E0}.Debug|Any CPU.ActiveCfg = Debug|Any CPU
		{0372FA84-C517-4EB3-9A9F-B9ACAC0CA5E0}.Debug|Any CPU.Build.0 = Debug|Any CPU
		{0372FA84-C517-4EB3-9A9F-B9ACAC0CA5E0}.Release|Any CPU.ActiveCfg = Release|Any CPU
		{0372FA84-C517-4EB3-9A9F-B9ACAC0CA5E0}.Release|Any CPU.Build.0 = Release|Any CPU
		{42F719ED-8413-4895-B5B4-5AB56079BC66}.Debug|Any CPU.ActiveCfg = Debug|Any CPU
		{42F719ED-8413-4895-B5B4-5AB56079BC66}.Debug|Any CPU.Build.0 = Debug|Any CPU
		{42F719ED-8413-4895-B5B4-5AB56079BC66}.Release|Any CPU.ActiveCfg = Release|Any CPU
		{42F719ED-8413-4895-B5B4-5AB56079BC66}.Release|Any CPU.Build.0 = Release|Any CPU
		{520659C8-C734-4298-A3DA-B539DB9DFC0B}.Debug|Any CPU.ActiveCfg = Debug|Any CPU
		{520659C8-C734-4298-A3DA-B539DB9DFC0B}.Debug|Any CPU.Build.0 = Debug|Any CPU
		{520659C8-C734-4298-A3DA-B539DB9DFC0B}.Release|Any CPU.ActiveCfg = Release|Any CPU
		{520659C8-C734-4298-A3DA-B539DB9DFC0B}.Release|Any CPU.Build.0 = Release|Any CPU
		{4164BDF7-F527-4E85-9CE6-E3C2D7426A27}.Debug|Any CPU.ActiveCfg = Debug|Any CPU
		{4164BDF7-F527-4E85-9CE6-E3C2D7426A27}.Debug|Any CPU.Build.0 = Debug|Any CPU
		{4164BDF7-F527-4E85-9CE6-E3C2D7426A27}.Release|Any CPU.ActiveCfg = Release|Any CPU
		{4164BDF7-F527-4E85-9CE6-E3C2D7426A27}.Release|Any CPU.Build.0 = Release|Any CPU
		{3B5A0094-670D-4BB1-BFDD-61B88A8773DC}.Debug|Any CPU.ActiveCfg = Debug|Any CPU
		{3B5A0094-670D-4BB1-BFDD-61B88A8773DC}.Debug|Any CPU.Build.0 = Debug|Any CPU
		{3B5A0094-670D-4BB1-BFDD-61B88A8773DC}.Release|Any CPU.ActiveCfg = Release|Any CPU
		{3B5A0094-670D-4BB1-BFDD-61B88A8773DC}.Release|Any CPU.Build.0 = Release|Any CPU
		{6FE54035-9C11-4702-A5E2-D16F23101468}.Debug|Any CPU.ActiveCfg = Debug|Any CPU
		{6FE54035-9C11-4702-A5E2-D16F23101468}.Debug|Any CPU.Build.0 = Debug|Any CPU
		{6FE54035-9C11-4702-A5E2-D16F23101468}.Release|Any CPU.ActiveCfg = Release|Any CPU
		{6FE54035-9C11-4702-A5E2-D16F23101468}.Release|Any CPU.Build.0 = Release|Any CPU
		{073C361E-B8F4-49F5-93CC-72A3FF49C026}.Debug|Any CPU.ActiveCfg = Debug|Any CPU
		{073C361E-B8F4-49F5-93CC-72A3FF49C026}.Debug|Any CPU.Build.0 = Debug|Any CPU
		{073C361E-B8F4-49F5-93CC-72A3FF49C026}.Release|Any CPU.ActiveCfg = Release|Any CPU
		{073C361E-B8F4-49F5-93CC-72A3FF49C026}.Release|Any CPU.Build.0 = Release|Any CPU
		{E6D5BF0E-DE92-4D82-A352-EF04B37CB11C}.Debug|Any CPU.ActiveCfg = Debug|Any CPU
		{E6D5BF0E-DE92-4D82-A352-EF04B37CB11C}.Debug|Any CPU.Build.0 = Debug|Any CPU
		{E6D5BF0E-DE92-4D82-A352-EF04B37CB11C}.Release|Any CPU.ActiveCfg = Release|Any CPU
		{E6D5BF0E-DE92-4D82-A352-EF04B37CB11C}.Release|Any CPU.Build.0 = Release|Any CPU
		{1FE30EB9-74A9-47F5-A9F6-7B1FAB672D81}.Debug|Any CPU.ActiveCfg = Debug|Any CPU
		{1FE30EB9-74A9-47F5-A9F6-7B1FAB672D81}.Debug|Any CPU.Build.0 = Debug|Any CPU
		{1FE30EB9-74A9-47F5-A9F6-7B1FAB672D81}.Release|Any CPU.ActiveCfg = Release|Any CPU
		{1FE30EB9-74A9-47F5-A9F6-7B1FAB672D81}.Release|Any CPU.Build.0 = Release|Any CPU
		{91853F21-9CD9-4132-BC29-A7D5D84FFFE7}.Debug|Any CPU.ActiveCfg = Debug|Any CPU
		{91853F21-9CD9-4132-BC29-A7D5D84FFFE7}.Debug|Any CPU.Build.0 = Debug|Any CPU
		{91853F21-9CD9-4132-BC29-A7D5D84FFFE7}.Release|Any CPU.ActiveCfg = Release|Any CPU
		{91853F21-9CD9-4132-BC29-A7D5D84FFFE7}.Release|Any CPU.Build.0 = Release|Any CPU
		{E512F4D9-9375-480F-A2F6-A46509F9D824}.Debug|Any CPU.ActiveCfg = Debug|Any CPU
		{E512F4D9-9375-480F-A2F6-A46509F9D824}.Debug|Any CPU.Build.0 = Debug|Any CPU
		{E512F4D9-9375-480F-A2F6-A46509F9D824}.Release|Any CPU.ActiveCfg = Release|Any CPU
		{E512F4D9-9375-480F-A2F6-A46509F9D824}.Release|Any CPU.Build.0 = Release|Any CPU
		{EF480016-9127-4916-8735-D2466BDBC582}.Debug|Any CPU.ActiveCfg = Debug|Any CPU
		{EF480016-9127-4916-8735-D2466BDBC582}.Debug|Any CPU.Build.0 = Debug|Any CPU
		{EF480016-9127-4916-8735-D2466BDBC582}.Release|Any CPU.ActiveCfg = Release|Any CPU
		{EF480016-9127-4916-8735-D2466BDBC582}.Release|Any CPU.Build.0 = Release|Any CPU
		{AA94D832-1CCC-4715-95A9-A483F23A1A5D}.Debug|Any CPU.ActiveCfg = Debug|Any CPU
		{AA94D832-1CCC-4715-95A9-A483F23A1A5D}.Debug|Any CPU.Build.0 = Debug|Any CPU
		{AA94D832-1CCC-4715-95A9-A483F23A1A5D}.Release|Any CPU.ActiveCfg = Release|Any CPU
		{AA94D832-1CCC-4715-95A9-A483F23A1A5D}.Release|Any CPU.Build.0 = Release|Any CPU
		{4B35ABE2-7214-4071-8920-5E11315BA00D}.Debug|Any CPU.ActiveCfg = Debug|Any CPU
		{4B35ABE2-7214-4071-8920-5E11315BA00D}.Debug|Any CPU.Build.0 = Debug|Any CPU
		{4B35ABE2-7214-4071-8920-5E11315BA00D}.Release|Any CPU.ActiveCfg = Release|Any CPU
		{4B35ABE2-7214-4071-8920-5E11315BA00D}.Release|Any CPU.Build.0 = Release|Any CPU
		{87AF5A70-5AD5-447A-AB02-D63F28092F33}.Debug|Any CPU.ActiveCfg = Debug|Any CPU
		{87AF5A70-5AD5-447A-AB02-D63F28092F33}.Debug|Any CPU.Build.0 = Debug|Any CPU
		{87AF5A70-5AD5-447A-AB02-D63F28092F33}.Release|Any CPU.ActiveCfg = Release|Any CPU
		{87AF5A70-5AD5-447A-AB02-D63F28092F33}.Release|Any CPU.Build.0 = Release|Any CPU
		{C7AF0B0D-909D-4508-A56F-4AF5823878D5}.Debug|Any CPU.ActiveCfg = Debug|Any CPU
		{C7AF0B0D-909D-4508-A56F-4AF5823878D5}.Debug|Any CPU.Build.0 = Debug|Any CPU
		{C7AF0B0D-909D-4508-A56F-4AF5823878D5}.Release|Any CPU.ActiveCfg = Release|Any CPU
		{C7AF0B0D-909D-4508-A56F-4AF5823878D5}.Release|Any CPU.Build.0 = Release|Any CPU
		{FD8A131E-C00F-4C86-9FE3-0255CF00CDF2}.Debug|Any CPU.ActiveCfg = Debug|Any CPU
		{FD8A131E-C00F-4C86-9FE3-0255CF00CDF2}.Debug|Any CPU.Build.0 = Debug|Any CPU
		{FD8A131E-C00F-4C86-9FE3-0255CF00CDF2}.Release|Any CPU.ActiveCfg = Release|Any CPU
		{FD8A131E-C00F-4C86-9FE3-0255CF00CDF2}.Release|Any CPU.Build.0 = Release|Any CPU
		{C6EF08EA-33F6-4FA4-82BC-C770A72F5DC3}.Debug|Any CPU.ActiveCfg = Debug|Any CPU
		{C6EF08EA-33F6-4FA4-82BC-C770A72F5DC3}.Debug|Any CPU.Build.0 = Debug|Any CPU
		{C6EF08EA-33F6-4FA4-82BC-C770A72F5DC3}.Release|Any CPU.ActiveCfg = Release|Any CPU
		{C6EF08EA-33F6-4FA4-82BC-C770A72F5DC3}.Release|Any CPU.Build.0 = Release|Any CPU
		{8D89B748-8AA5-40CC-AD31-C2EECC442FA4}.Debug|Any CPU.ActiveCfg = Debug|Any CPU
		{8D89B748-8AA5-40CC-AD31-C2EECC442FA4}.Debug|Any CPU.Build.0 = Debug|Any CPU
		{8D89B748-8AA5-40CC-AD31-C2EECC442FA4}.Release|Any CPU.ActiveCfg = Release|Any CPU
		{8D89B748-8AA5-40CC-AD31-C2EECC442FA4}.Release|Any CPU.Build.0 = Release|Any CPU
		{CD84441F-C758-44FC-B222-37FC6D98DA11}.Debug|Any CPU.ActiveCfg = Debug|Any CPU
		{CD84441F-C758-44FC-B222-37FC6D98DA11}.Debug|Any CPU.Build.0 = Debug|Any CPU
		{CD84441F-C758-44FC-B222-37FC6D98DA11}.Release|Any CPU.ActiveCfg = Release|Any CPU
		{CD84441F-C758-44FC-B222-37FC6D98DA11}.Release|Any CPU.Build.0 = Release|Any CPU
		{575C8E47-785A-4362-801D-767ED64AB167}.Debug|Any CPU.ActiveCfg = Debug|Any CPU
		{575C8E47-785A-4362-801D-767ED64AB167}.Debug|Any CPU.Build.0 = Debug|Any CPU
		{575C8E47-785A-4362-801D-767ED64AB167}.Release|Any CPU.ActiveCfg = Release|Any CPU
		{575C8E47-785A-4362-801D-767ED64AB167}.Release|Any CPU.Build.0 = Release|Any CPU
		{B0C39C17-9E78-407D-9A38-8FEF2E602D1A}.Debug|Any CPU.ActiveCfg = Debug|Any CPU
		{B0C39C17-9E78-407D-9A38-8FEF2E602D1A}.Debug|Any CPU.Build.0 = Debug|Any CPU
		{B0C39C17-9E78-407D-9A38-8FEF2E602D1A}.Release|Any CPU.ActiveCfg = Release|Any CPU
		{B0C39C17-9E78-407D-9A38-8FEF2E602D1A}.Release|Any CPU.Build.0 = Release|Any CPU
		{228D872F-2999-495A-82E0-F0518BC6CAFA}.Debug|Any CPU.ActiveCfg = Debug|Any CPU
		{228D872F-2999-495A-82E0-F0518BC6CAFA}.Debug|Any CPU.Build.0 = Debug|Any CPU
		{228D872F-2999-495A-82E0-F0518BC6CAFA}.Release|Any CPU.ActiveCfg = Release|Any CPU
		{228D872F-2999-495A-82E0-F0518BC6CAFA}.Release|Any CPU.Build.0 = Release|Any CPU
		{99DF0211-7560-4615-AC45-25FF4C9E6CE5}.Debug|Any CPU.ActiveCfg = Debug|Any CPU
		{99DF0211-7560-4615-AC45-25FF4C9E6CE5}.Debug|Any CPU.Build.0 = Debug|Any CPU
		{99DF0211-7560-4615-AC45-25FF4C9E6CE5}.Release|Any CPU.ActiveCfg = Release|Any CPU
		{99DF0211-7560-4615-AC45-25FF4C9E6CE5}.Release|Any CPU.Build.0 = Release|Any CPU
		{B4B7EC0B-AB00-4424-AA70-491569F3C625}.Debug|Any CPU.ActiveCfg = Debug|Any CPU
		{B4B7EC0B-AB00-4424-AA70-491569F3C625}.Debug|Any CPU.Build.0 = Debug|Any CPU
		{B4B7EC0B-AB00-4424-AA70-491569F3C625}.Release|Any CPU.ActiveCfg = Release|Any CPU
		{B4B7EC0B-AB00-4424-AA70-491569F3C625}.Release|Any CPU.Build.0 = Release|Any CPU
		{545B6E6A-2278-4C02-856E-79EF7F14AD1C}.Debug|Any CPU.ActiveCfg = Debug|Any CPU
		{545B6E6A-2278-4C02-856E-79EF7F14AD1C}.Debug|Any CPU.Build.0 = Debug|Any CPU
		{545B6E6A-2278-4C02-856E-79EF7F14AD1C}.Release|Any CPU.ActiveCfg = Release|Any CPU
		{545B6E6A-2278-4C02-856E-79EF7F14AD1C}.Release|Any CPU.Build.0 = Release|Any CPU
		{DE3BD175-B56E-4B6D-A2C3-DB341C42E428}.Debug|Any CPU.ActiveCfg = Debug|Any CPU
		{DE3BD175-B56E-4B6D-A2C3-DB341C42E428}.Debug|Any CPU.Build.0 = Debug|Any CPU
		{DE3BD175-B56E-4B6D-A2C3-DB341C42E428}.Release|Any CPU.ActiveCfg = Release|Any CPU
		{DE3BD175-B56E-4B6D-A2C3-DB341C42E428}.Release|Any CPU.Build.0 = Release|Any CPU
	EndGlobalSection
	GlobalSection(SolutionProperties) = preSolution
		HideSolutionNode = FALSE
	EndGlobalSection
	GlobalSection(NestedProjects) = preSolution
		{554AD327-6DBA-4F8F-96F8-81CE7A0C863F} = {CA9AC87F-097E-4F15-8393-4BC07735A5B0}
		{1A94A50E-06DC-43C1-80B5-B662820EC3EB} = {CA9AC87F-097E-4F15-8393-4BC07735A5B0}
		{C956DD76-69C8-4A9C-83EA-D17DF83340FD} = {CA9AC87F-097E-4F15-8393-4BC07735A5B0}
		{50B2631D-129C-47B3-A587-029CCD6099BC} = {04DBDB01-70F4-4E06-B468-8F87850B22BE}
		{0372FA84-C517-4EB3-9A9F-B9ACAC0CA5E0} = {CA9AC87F-097E-4F15-8393-4BC07735A5B0}
		{42F719ED-8413-4895-B5B4-5AB56079BC66} = {CA9AC87F-097E-4F15-8393-4BC07735A5B0}
		{520659C8-C734-4298-A3DA-B539DB9DFC0B} = {CA9AC87F-097E-4F15-8393-4BC07735A5B0}
		{4164BDF7-F527-4E85-9CE6-E3C2D7426A27} = {CA9AC87F-097E-4F15-8393-4BC07735A5B0}
		{3B5A0094-670D-4BB1-BFDD-61B88A8773DC} = {CA9AC87F-097E-4F15-8393-4BC07735A5B0}
		{6FE54035-9C11-4702-A5E2-D16F23101468} = {CA9AC87F-097E-4F15-8393-4BC07735A5B0}
		{073C361E-B8F4-49F5-93CC-72A3FF49C026} = {CA9AC87F-097E-4F15-8393-4BC07735A5B0}
		{E6D5BF0E-DE92-4D82-A352-EF04B37CB11C} = {CA9AC87F-097E-4F15-8393-4BC07735A5B0}
		{1FE30EB9-74A9-47F5-A9F6-7B1FAB672D81} = {04DBDB01-70F4-4E06-B468-8F87850B22BE}
		{91853F21-9CD9-4132-BC29-A7D5D84FFFE7} = {04DBDB01-70F4-4E06-B468-8F87850B22BE}
		{E512F4D9-9375-480F-A2F6-A46509F9D824} = {04DBDB01-70F4-4E06-B468-8F87850B22BE}
		{EF480016-9127-4916-8735-D2466BDBC582} = {04DBDB01-70F4-4E06-B468-8F87850B22BE}
		{AA94D832-1CCC-4715-95A9-A483F23A1A5D} = {CA9AC87F-097E-4F15-8393-4BC07735A5B0}
		{BBFCCE81-E79B-486E-9CEA-46D6BCBB8BB5} = {0B611F2F-3198-4BC1-905F-F69E442F1086}
		{4B35ABE2-7214-4071-8920-5E11315BA00D} = {5A988AF2-BED6-4666-9BAB-781F35987C56}
		{87AF5A70-5AD5-447A-AB02-D63F28092F33} = {5A988AF2-BED6-4666-9BAB-781F35987C56}
		{C7AF0B0D-909D-4508-A56F-4AF5823878D5} = {5A988AF2-BED6-4666-9BAB-781F35987C56}
		{FD8A131E-C00F-4C86-9FE3-0255CF00CDF2} = {5A988AF2-BED6-4666-9BAB-781F35987C56}
		{C6EF08EA-33F6-4FA4-82BC-C770A72F5DC3} = {5A988AF2-BED6-4666-9BAB-781F35987C56}
		{8D89B748-8AA5-40CC-AD31-C2EECC442FA4} = {5A988AF2-BED6-4666-9BAB-781F35987C56}
		{CD84441F-C758-44FC-B222-37FC6D98DA11} = {5A988AF2-BED6-4666-9BAB-781F35987C56}
		{5A988AF2-BED6-4666-9BAB-781F35987C56} = {BBFCCE81-E79B-486E-9CEA-46D6BCBB8BB5}
		{173FD776-AAC4-42B0-9E31-46C99DC266A4} = {BBFCCE81-E79B-486E-9CEA-46D6BCBB8BB5}
		{575C8E47-785A-4362-801D-767ED64AB167} = {5A988AF2-BED6-4666-9BAB-781F35987C56}
		{B0C39C17-9E78-407D-9A38-8FEF2E602D1A} = {5A988AF2-BED6-4666-9BAB-781F35987C56}
		{E2131516-B48C-4067-93F5-57FCCF621048} = {0B611F2F-3198-4BC1-905F-F69E442F1086}
		{A47B5485-1E83-49A3-8F29-024CBFCE8C2E} = {E2131516-B48C-4067-93F5-57FCCF621048}
		{228D872F-2999-495A-82E0-F0518BC6CAFA} = {A47B5485-1E83-49A3-8F29-024CBFCE8C2E}
		{E7F2CDEC-FB9D-4CE0-90A8-9BC710A34492} = {0B611F2F-3198-4BC1-905F-F69E442F1086}
		{99DF0211-7560-4615-AC45-25FF4C9E6CE5} = {3232B3B8-534A-4377-9BC4-0A23B6B809C3}
		{B4B7EC0B-AB00-4424-AA70-491569F3C625} = {3232B3B8-534A-4377-9BC4-0A23B6B809C3}
		{0447E2AC-D81F-443A-AF72-538F42CC064C} = {0B611F2F-3198-4BC1-905F-F69E442F1086}
		{545B6E6A-2278-4C02-856E-79EF7F14AD1C} = {AF4D2AA3-D19E-4021-A645-674145FDAD8C}
		{AF4D2AA3-D19E-4021-A645-674145FDAD8C} = {0447E2AC-D81F-443A-AF72-538F42CC064C}
		{3232B3B8-534A-4377-9BC4-0A23B6B809C3} = {E7F2CDEC-FB9D-4CE0-90A8-9BC710A34492}
		{DE3BD175-B56E-4B6D-A2C3-DB341C42E428} = {CA9AC87F-097E-4F15-8393-4BC07735A5B0}
	EndGlobalSection
	GlobalSection(ExtensibilityGlobals) = postSolution
		SolutionGuid = {D6F21B5C-A699-4D9A-B572-C988E33439B7}
	EndGlobalSection
EndGlobal
